
Microsoft Visual Studio Solution File, Format Version 12.00
# Visual Studio 15
VisualStudioVersion = 15.0.27703.2026
MinimumVisualStudioVersion = 10.0.40219.1
Project("{FAE04EC0-301F-11D3-BF4B-00C04F79EFBC}") = "map prototype", "map prototype\map prototype.csproj", "{E999C217-A30C-4EB7-B4E5-A6876C7566BC}"
EndProject
Global
	GlobalSection(SolutionConfigurationPlatforms) = preSolution
		Debug|Any CPU = Debug|Any CPU
		Release|Any CPU = Release|Any CPU
	EndGlobalSection
	GlobalSection(ProjectConfigurationPlatforms) = postSolution
		{E999C217-A30C-4EB7-B4E5-A6876C7566BC}.Debug|Any CPU.ActiveCfg = Debug|Any CPU
		{E999C217-A30C-4EB7-B4E5-A6876C7566BC}.Debug|Any CPU.Build.0 = Debug|Any CPU
		{E999C217-A30C-4EB7-B4E5-A6876C7566BC}.Release|Any CPU.ActiveCfg = Release|Any CPU
		{E999C217-A30C-4EB7-B4E5-A6876C7566BC}.Release|Any CPU.Build.0 = Release|Any CPU
	EndGlobalSection
	GlobalSection(SolutionProperties) = preSolution
		HideSolutionNode = FALSE
	EndGlobalSection
	GlobalSection(ExtensibilityGlobals) = postSolution
		SolutionGuid = {629837B4-906A-4D4A-988F-D4AA4D119454}
	EndGlobalSection
EndGlobal
