
Microsoft Visual Studio Solution File, Format Version 12.00
# Visual Studio 15
VisualStudioVersion = 15.0.27703.2026
MinimumVisualStudioVersion = 10.0.40219.1
Project("{F2A71F9B-5D33-465A-A702-920D77279786}") = "temp", "temp\temp.fsproj", "{31FB7796-6C35-40D5-9131-5200337474BC}"
EndProject
Global
	GlobalSection(SolutionConfigurationPlatforms) = preSolution
		Debug|Any CPU = Debug|Any CPU
		Release|Any CPU = Release|Any CPU
	EndGlobalSection
	GlobalSection(ProjectConfigurationPlatforms) = postSolution
		{31FB7796-6C35-40D5-9131-5200337474BC}.Debug|Any CPU.ActiveCfg = Debug|Any CPU
		{31FB7796-6C35-40D5-9131-5200337474BC}.Debug|Any CPU.Build.0 = Debug|Any CPU
		{31FB7796-6C35-40D5-9131-5200337474BC}.Release|Any CPU.ActiveCfg = Release|Any CPU
		{31FB7796-6C35-40D5-9131-5200337474BC}.Release|Any CPU.Build.0 = Release|Any CPU
	EndGlobalSection
	GlobalSection(SolutionProperties) = preSolution
		HideSolutionNode = FALSE
	EndGlobalSection
	GlobalSection(ExtensibilityGlobals) = postSolution
		SolutionGuid = {AB613F06-C429-4DED-9B46-1426930DC902}
	EndGlobalSection
EndGlobal
