
Microsoft Visual Studio Solution File, Format Version 12.00
# Visual Studio 15
VisualStudioVersion = 15.0.28010.2016
MinimumVisualStudioVersion = 10.0.40219.1
Project("{FAE04EC0-301F-11D3-BF4B-00C04F79EFBC}") = "dynamic surface", "dynamic surface\dynamic surface.csproj", "{71FFB80F-9FE8-47E9-ADAD-924A0B149364}"
EndProject
Global
	GlobalSection(SolutionConfigurationPlatforms) = preSolution
		Debug|Any CPU = Debug|Any CPU
		Release|Any CPU = Release|Any CPU
	EndGlobalSection
	GlobalSection(ProjectConfigurationPlatforms) = postSolution
		{71FFB80F-9FE8-47E9-ADAD-924A0B149364}.Debug|Any CPU.ActiveCfg = Debug|Any CPU
		{71FFB80F-9FE8-47E9-ADAD-924A0B149364}.Debug|Any CPU.Build.0 = Debug|Any CPU
		{71FFB80F-9FE8-47E9-ADAD-924A0B149364}.Release|Any CPU.ActiveCfg = Release|Any CPU
		{71FFB80F-9FE8-47E9-ADAD-924A0B149364}.Release|Any CPU.Build.0 = Release|Any CPU
	EndGlobalSection
	GlobalSection(SolutionProperties) = preSolution
		HideSolutionNode = FALSE
	EndGlobalSection
	GlobalSection(ExtensibilityGlobals) = postSolution
		SolutionGuid = {E97CB40D-B90F-49F1-8BEB-5403975E4BB4}
	EndGlobalSection
EndGlobal
