
Microsoft Visual Studio Solution File, Format Version 12.00
# Visual Studio 15
VisualStudioVersion = 15.0.27703.2026
MinimumVisualStudioVersion = 10.0.40219.1
Project("{FAE04EC0-301F-11D3-BF4B-00C04F79EFBC}") = "GUI prototype", "GUI prototype\GUI prototype.csproj", "{E493C5DE-956C-4543-B89E-2EFB65AEF1D7}"
EndProject
Global
	GlobalSection(SolutionConfigurationPlatforms) = preSolution
		Debug|Any CPU = Debug|Any CPU
		Release|Any CPU = Release|Any CPU
	EndGlobalSection
	GlobalSection(ProjectConfigurationPlatforms) = postSolution
		{E493C5DE-956C-4543-B89E-2EFB65AEF1D7}.Debug|Any CPU.ActiveCfg = Debug|Any CPU
		{E493C5DE-956C-4543-B89E-2EFB65AEF1D7}.Debug|Any CPU.Build.0 = Debug|Any CPU
		{E493C5DE-956C-4543-B89E-2EFB65AEF1D7}.Release|Any CPU.ActiveCfg = Release|Any CPU
		{E493C5DE-956C-4543-B89E-2EFB65AEF1D7}.Release|Any CPU.Build.0 = Release|Any CPU
	EndGlobalSection
	GlobalSection(SolutionProperties) = preSolution
		HideSolutionNode = FALSE
	EndGlobalSection
	GlobalSection(ExtensibilityGlobals) = postSolution
		SolutionGuid = {A9981931-78AF-4451-8DA6-4CD7B3A673BE}
	EndGlobalSection
EndGlobal
